
Microsoft Visual Studio Solution File, Format Version 12.00
# Visual Studio Version 17
VisualStudioVersion = 17.5.33414.496
MinimumVisualStudioVersion = 10.0.40219.1
Project("{9A19103F-16F7-4668-BE54-9A1E7A4F7556}") = "BotServer", "BotServer\BotServer.csproj", "{D73A419C-19C9-4E0D-8051-BE7D828A9832}"
EndProject
Project("{9A19103F-16F7-4668-BE54-9A1E7A4F7556}") = "BotServer.Lib", "BotServer.Lib\BotServer.Lib.csproj", "{AF0668CB-0731-4CFD-8167-9373DBA9EDA5}"
EndProject
Global
	GlobalSection(SolutionConfigurationPlatforms) = preSolution
		Debug|Any CPU = Debug|Any CPU
		Release|Any CPU = Release|Any CPU
	EndGlobalSection
	GlobalSection(ProjectConfigurationPlatforms) = postSolution
		{D73A419C-19C9-4E0D-8051-BE7D828A9832}.Debug|Any CPU.ActiveCfg = Debug|Any CPU
		{D73A419C-19C9-4E0D-8051-BE7D828A9832}.Debug|Any CPU.Build.0 = Debug|Any CPU
		{D73A419C-19C9-4E0D-8051-BE7D828A9832}.Release|Any CPU.ActiveCfg = Release|Any CPU
		{D73A419C-19C9-4E0D-8051-BE7D828A9832}.Release|Any CPU.Build.0 = Release|Any CPU
		{AF0668CB-0731-4CFD-8167-9373DBA9EDA5}.Debug|Any CPU.ActiveCfg = Debug|Any CPU
		{AF0668CB-0731-4CFD-8167-9373DBA9EDA5}.Debug|Any CPU.Build.0 = Debug|Any CPU
		{AF0668CB-0731-4CFD-8167-9373DBA9EDA5}.Release|Any CPU.ActiveCfg = Release|Any CPU
		{AF0668CB-0731-4CFD-8167-9373DBA9EDA5}.Release|Any CPU.Build.0 = Release|Any CPU
	EndGlobalSection
	GlobalSection(SolutionProperties) = preSolution
		HideSolutionNode = FALSE
	EndGlobalSection
	GlobalSection(ExtensibilityGlobals) = postSolution
		SolutionGuid = {B02CCCCB-3124-491E-9C79-4E1879B759C8}
	EndGlobalSection
EndGlobal
